// !$*UTF8*$!
{
	archiveVersion = 1;
	classes = {
	};
	objectVersion = 55;
	objects = {

/* Begin PBXBuildFile section */
		03081F0327114A4900826EF2 /* PostCell.swift in Sources */ = {isa = PBXBuildFile; fileRef = 03081F0227114A4900826EF2 /* PostCell.swift */; };
		037C3BA42719F7BD001A5BE2 /* CommentCell.swift in Sources */ = {isa = PBXBuildFile; fileRef = 037C3BA32719F7BD001A5BE2 /* CommentCell.swift */; };
		03CA3C8F2711001100EFB01C /* AppDelegate.swift in Sources */ = {isa = PBXBuildFile; fileRef = 03CA3C8E2711001100EFB01C /* AppDelegate.swift */; };
		03CA3C912711001100EFB01C /* SceneDelegate.swift in Sources */ = {isa = PBXBuildFile; fileRef = 03CA3C902711001100EFB01C /* SceneDelegate.swift */; };
		03CA3C962711001100EFB01C /* Main.storyboard in Resources */ = {isa = PBXBuildFile; fileRef = 03CA3C942711001100EFB01C /* Main.storyboard */; };
		03CA3C982711001400EFB01C /* Assets.xcassets in Resources */ = {isa = PBXBuildFile; fileRef = 03CA3C972711001400EFB01C /* Assets.xcassets */; };
		03CA3C9B2711001400EFB01C /* LaunchScreen.storyboard in Resources */ = {isa = PBXBuildFile; fileRef = 03CA3C992711001400EFB01C /* LaunchScreen.storyboard */; };
		03CA3CA62711001400EFB01C /* ParsetagramTests.swift in Sources */ = {isa = PBXBuildFile; fileRef = 03CA3CA52711001400EFB01C /* ParsetagramTests.swift */; };
		03CA3CB02711001400EFB01C /* ParsetagramUITests.swift in Sources */ = {isa = PBXBuildFile; fileRef = 03CA3CAF2711001400EFB01C /* ParsetagramUITests.swift */; };
		03CA3CB22711001400EFB01C /* ParsetagramUITestsLaunchTests.swift in Sources */ = {isa = PBXBuildFile; fileRef = 03CA3CB12711001400EFB01C /* ParsetagramUITestsLaunchTests.swift */; };
		03CA3CBF2711041A00EFB01C /* LoginViewController.swift in Sources */ = {isa = PBXBuildFile; fileRef = 03CA3CBE2711041A00EFB01C /* LoginViewController.swift */; };
		03CA3CC12711044500EFB01C /* FeedViewController.swift in Sources */ = {isa = PBXBuildFile; fileRef = 03CA3CC02711044500EFB01C /* FeedViewController.swift */; };
		03CA3CC3271126C100EFB01C /* CameraViewController.swift in Sources */ = {isa = PBXBuildFile; fileRef = 03CA3CC2271126C100EFB01C /* CameraViewController.swift */; };
		5A8A9D3F06E27A5B0C639819 /* Pods_Parsetagram.framework in Frameworks */ = {isa = PBXBuildFile; fileRef = A24953081188195A1CBDD1EF /* Pods_Parsetagram.framework */; };
/* End PBXBuildFile section */

/* Begin PBXContainerItemProxy section */
		03CA3CA22711001400EFB01C /* PBXContainerItemProxy */ = {
			isa = PBXContainerItemProxy;
			containerPortal = 03CA3C832711001100EFB01C /* Project object */;
			proxyType = 1;
			remoteGlobalIDString = 03CA3C8A2711001100EFB01C;
			remoteInfo = Parsetagram;
		};
		03CA3CAC2711001400EFB01C /* PBXContainerItemProxy */ = {
			isa = PBXContainerItemProxy;
			containerPortal = 03CA3C832711001100EFB01C /* Project object */;
			proxyType = 1;
			remoteGlobalIDString = 03CA3C8A2711001100EFB01C;
			remoteInfo = Parsetagram;
		};
/* End PBXContainerItemProxy section */

/* Begin PBXFileReference section */
		03081F0227114A4900826EF2 /* PostCell.swift */ = {isa = PBXFileReference; lastKnownFileType = sourcecode.swift; path = PostCell.swift; sourceTree = "<group>"; };
		037C3BA32719F7BD001A5BE2 /* CommentCell.swift */ = {isa = PBXFileReference; lastKnownFileType = sourcecode.swift; path = CommentCell.swift; sourceTree = "<group>"; };
		03CA3C8B2711001100EFB01C /* Parsetagram.app */ = {isa = PBXFileReference; explicitFileType = wrapper.application; includeInIndex = 0; path = Parsetagram.app; sourceTree = BUILT_PRODUCTS_DIR; };
		03CA3C8E2711001100EFB01C /* AppDelegate.swift */ = {isa = PBXFileReference; lastKnownFileType = sourcecode.swift; path = AppDelegate.swift; sourceTree = "<group>"; };
		03CA3C902711001100EFB01C /* SceneDelegate.swift */ = {isa = PBXFileReference; lastKnownFileType = sourcecode.swift; path = SceneDelegate.swift; sourceTree = "<group>"; };
		03CA3C952711001100EFB01C /* Base */ = {isa = PBXFileReference; lastKnownFileType = file.storyboard; name = Base; path = Base.lproj/Main.storyboard; sourceTree = "<group>"; };
		03CA3C972711001400EFB01C /* Assets.xcassets */ = {isa = PBXFileReference; lastKnownFileType = folder.assetcatalog; path = Assets.xcassets; sourceTree = "<group>"; };
		03CA3C9A2711001400EFB01C /* Base */ = {isa = PBXFileReference; lastKnownFileType = file.storyboard; name = Base; path = Base.lproj/LaunchScreen.storyboard; sourceTree = "<group>"; };
		03CA3C9C2711001400EFB01C /* Info.plist */ = {isa = PBXFileReference; lastKnownFileType = text.plist.xml; path = Info.plist; sourceTree = "<group>"; };
		03CA3CA12711001400EFB01C /* ParsetagramTests.xctest */ = {isa = PBXFileReference; explicitFileType = wrapper.cfbundle; includeInIndex = 0; path = ParsetagramTests.xctest; sourceTree = BUILT_PRODUCTS_DIR; };
		03CA3CA52711001400EFB01C /* ParsetagramTests.swift */ = {isa = PBXFileReference; lastKnownFileType = sourcecode.swift; path = ParsetagramTests.swift; sourceTree = "<group>"; };
		03CA3CAB2711001400EFB01C /* ParsetagramUITests.xctest */ = {isa = PBXFileReference; explicitFileType = wrapper.cfbundle; includeInIndex = 0; path = ParsetagramUITests.xctest; sourceTree = BUILT_PRODUCTS_DIR; };
		03CA3CAF2711001400EFB01C /* ParsetagramUITests.swift */ = {isa = PBXFileReference; lastKnownFileType = sourcecode.swift; path = ParsetagramUITests.swift; sourceTree = "<group>"; };
		03CA3CB12711001400EFB01C /* ParsetagramUITestsLaunchTests.swift */ = {isa = PBXFileReference; lastKnownFileType = sourcecode.swift; path = ParsetagramUITestsLaunchTests.swift; sourceTree = "<group>"; };
		03CA3CBE2711041A00EFB01C /* LoginViewController.swift */ = {isa = PBXFileReference; lastKnownFileType = sourcecode.swift; path = LoginViewController.swift; sourceTree = "<group>"; };
		03CA3CC02711044500EFB01C /* FeedViewController.swift */ = {isa = PBXFileReference; lastKnownFileType = sourcecode.swift; path = FeedViewController.swift; sourceTree = "<group>"; };
		03CA3CC2271126C100EFB01C /* CameraViewController.swift */ = {isa = PBXFileReference; lastKnownFileType = sourcecode.swift; path = CameraViewController.swift; sourceTree = "<group>"; };
		8A5F9780302AB79134AF1105 /* Pods-Parsetagram.debug.xcconfig */ = {isa = PBXFileReference; includeInIndex = 1; lastKnownFileType = text.xcconfig; name = "Pods-Parsetagram.debug.xcconfig"; path = "Target Support Files/Pods-Parsetagram/Pods-Parsetagram.debug.xcconfig"; sourceTree = "<group>"; };
		A24953081188195A1CBDD1EF /* Pods_Parsetagram.framework */ = {isa = PBXFileReference; explicitFileType = wrapper.framework; includeInIndex = 0; path = Pods_Parsetagram.framework; sourceTree = BUILT_PRODUCTS_DIR; };
		EA6A4FD7C8B59405273A700A /* Pods-Parsetagram.release.xcconfig */ = {isa = PBXFileReference; includeInIndex = 1; lastKnownFileType = text.xcconfig; name = "Pods-Parsetagram.release.xcconfig"; path = "Target Support Files/Pods-Parsetagram/Pods-Parsetagram.release.xcconfig"; sourceTree = "<group>"; };
/* End PBXFileReference section */

/* Begin PBXFrameworksBuildPhase section */
		03CA3C882711001100EFB01C /* Frameworks */ = {
			isa = PBXFrameworksBuildPhase;
			buildActionMask = 2147483647;
			files = (
				5A8A9D3F06E27A5B0C639819 /* Pods_Parsetagram.framework in Frameworks */,
			);
			runOnlyForDeploymentPostprocessing = 0;
		};
		03CA3C9E2711001400EFB01C /* Frameworks */ = {
			isa = PBXFrameworksBuildPhase;
			buildActionMask = 2147483647;
			files = (
			);
			runOnlyForDeploymentPostprocessing = 0;
		};
		03CA3CA82711001400EFB01C /* Frameworks */ = {
			isa = PBXFrameworksBuildPhase;
			buildActionMask = 2147483647;
			files = (
			);
			runOnlyForDeploymentPostprocessing = 0;
		};
/* End PBXFrameworksBuildPhase section */

/* Begin PBXGroup section */
		03CA3C822711001100EFB01C = {
			isa = PBXGroup;
			children = (
				03CA3C8D2711001100EFB01C /* Parsetagram */,
				03CA3CA42711001400EFB01C /* ParsetagramTests */,
				03CA3CAE2711001400EFB01C /* ParsetagramUITests */,
				03CA3C8C2711001100EFB01C /* Products */,
				4DCF2BE3E6157CFF326C8A5E /* Pods */,
				BA9B853FB465DA496B217ECD /* Frameworks */,
			);
			sourceTree = "<group>";
		};
		03CA3C8C2711001100EFB01C /* Products */ = {
			isa = PBXGroup;
			children = (
				03CA3C8B2711001100EFB01C /* Parsetagram.app */,
				03CA3CA12711001400EFB01C /* ParsetagramTests.xctest */,
				03CA3CAB2711001400EFB01C /* ParsetagramUITests.xctest */,
			);
			name = Products;
			sourceTree = "<group>";
		};
		03CA3C8D2711001100EFB01C /* Parsetagram */ = {
			isa = PBXGroup;
			children = (
				03CA3C8E2711001100EFB01C /* AppDelegate.swift */,
				03CA3C902711001100EFB01C /* SceneDelegate.swift */,
				03CA3C942711001100EFB01C /* Main.storyboard */,
				03CA3C972711001400EFB01C /* Assets.xcassets */,
				03CA3C992711001400EFB01C /* LaunchScreen.storyboard */,
				03CA3C9C2711001400EFB01C /* Info.plist */,
				03CA3CBE2711041A00EFB01C /* LoginViewController.swift */,
				03CA3CC02711044500EFB01C /* FeedViewController.swift */,
				03CA3CC2271126C100EFB01C /* CameraViewController.swift */,
				03081F0227114A4900826EF2 /* PostCell.swift */,
				037C3BA32719F7BD001A5BE2 /* CommentCell.swift */,
			);
			path = Parsetagram;
			sourceTree = "<group>";
		};
		03CA3CA42711001400EFB01C /* ParsetagramTests */ = {
			isa = PBXGroup;
			children = (
				03CA3CA52711001400EFB01C /* ParsetagramTests.swift */,
			);
			path = ParsetagramTests;
			sourceTree = "<group>";
		};
		03CA3CAE2711001400EFB01C /* ParsetagramUITests */ = {
			isa = PBXGroup;
			children = (
				03CA3CAF2711001400EFB01C /* ParsetagramUITests.swift */,
				03CA3CB12711001400EFB01C /* ParsetagramUITestsLaunchTests.swift */,
			);
			path = ParsetagramUITests;
			sourceTree = "<group>";
		};
		4DCF2BE3E6157CFF326C8A5E /* Pods */ = {
			isa = PBXGroup;
			children = (
				8A5F9780302AB79134AF1105 /* Pods-Parsetagram.debug.xcconfig */,
				EA6A4FD7C8B59405273A700A /* Pods-Parsetagram.release.xcconfig */,
			);
			path = Pods;
			sourceTree = "<group>";
		};
		BA9B853FB465DA496B217ECD /* Frameworks */ = {
			isa = PBXGroup;
			children = (
				A24953081188195A1CBDD1EF /* Pods_Parsetagram.framework */,
			);
			name = Frameworks;
			sourceTree = "<group>";
		};
/* End PBXGroup section */

/* Begin PBXNativeTarget section */
		03CA3C8A2711001100EFB01C /* Parsetagram */ = {
			isa = PBXNativeTarget;
			buildConfigurationList = 03CA3CB52711001400EFB01C /* Build configuration list for PBXNativeTarget "Parsetagram" */;
			buildPhases = (
				AB3DCF6F2CA6F5F681578796 /* [CP] Check Pods Manifest.lock */,
				03CA3C872711001100EFB01C /* Sources */,
				03CA3C882711001100EFB01C /* Frameworks */,
				03CA3C892711001100EFB01C /* Resources */,
				85E04454DBFAEF160DE827E3 /* [CP] Embed Pods Frameworks */,
			);
			buildRules = (
			);
			dependencies = (
			);
			name = Parsetagram;
			productName = Parsetagram;
			productReference = 03CA3C8B2711001100EFB01C /* Parsetagram.app */;
			productType = "com.apple.product-type.application";
		};
		03CA3CA02711001400EFB01C /* ParsetagramTests */ = {
			isa = PBXNativeTarget;
			buildConfigurationList = 03CA3CB82711001400EFB01C /* Build configuration list for PBXNativeTarget "ParsetagramTests" */;
			buildPhases = (
				03CA3C9D2711001400EFB01C /* Sources */,
				03CA3C9E2711001400EFB01C /* Frameworks */,
				03CA3C9F2711001400EFB01C /* Resources */,
			);
			buildRules = (
			);
			dependencies = (
				03CA3CA32711001400EFB01C /* PBXTargetDependency */,
			);
			name = ParsetagramTests;
			productName = ParsetagramTests;
			productReference = 03CA3CA12711001400EFB01C /* ParsetagramTests.xctest */;
			productType = "com.apple.product-type.bundle.unit-test";
		};
		03CA3CAA2711001400EFB01C /* ParsetagramUITests */ = {
			isa = PBXNativeTarget;
			buildConfigurationList = 03CA3CBB2711001400EFB01C /* Build configuration list for PBXNativeTarget "ParsetagramUITests" */;
			buildPhases = (
				03CA3CA72711001400EFB01C /* Sources */,
				03CA3CA82711001400EFB01C /* Frameworks */,
				03CA3CA92711001400EFB01C /* Resources */,
			);
			buildRules = (
			);
			dependencies = (
				03CA3CAD2711001400EFB01C /* PBXTargetDependency */,
			);
			name = ParsetagramUITests;
			productName = ParsetagramUITests;
			productReference = 03CA3CAB2711001400EFB01C /* ParsetagramUITests.xctest */;
			productType = "com.apple.product-type.bundle.ui-testing";
		};
/* End PBXNativeTarget section */

/* Begin PBXProject section */
		03CA3C832711001100EFB01C /* Project object */ = {
			isa = PBXProject;
			attributes = {
				BuildIndependentTargetsInParallel = 1;
				LastSwiftUpdateCheck = 1300;
				LastUpgradeCheck = 1300;
				TargetAttributes = {
					03CA3C8A2711001100EFB01C = {
						CreatedOnToolsVersion = 13.0;
					};
					03CA3CA02711001400EFB01C = {
						CreatedOnToolsVersion = 13.0;
						TestTargetID = 03CA3C8A2711001100EFB01C;
					};
					03CA3CAA2711001400EFB01C = {
						CreatedOnToolsVersion = 13.0;
						TestTargetID = 03CA3C8A2711001100EFB01C;
					};
				};
			};
			buildConfigurationList = 03CA3C862711001100EFB01C /* Build configuration list for PBXProject "Parsetagram" */;
			compatibilityVersion = "Xcode 13.0";
			developmentRegion = en;
			hasScannedForEncodings = 0;
			knownRegions = (
				en,
				Base,
			);
			mainGroup = 03CA3C822711001100EFB01C;
			productRefGroup = 03CA3C8C2711001100EFB01C /* Products */;
			projectDirPath = "";
			projectRoot = "";
			targets = (
				03CA3C8A2711001100EFB01C /* Parsetagram */,
				03CA3CA02711001400EFB01C /* ParsetagramTests */,
				03CA3CAA2711001400EFB01C /* ParsetagramUITests */,
			);
		};
/* End PBXProject section */

/* Begin PBXResourcesBuildPhase section */
		03CA3C892711001100EFB01C /* Resources */ = {
			isa = PBXResourcesBuildPhase;
			buildActionMask = 2147483647;
			files = (
				03CA3C9B2711001400EFB01C /* LaunchScreen.storyboard in Resources */,
				03CA3C982711001400EFB01C /* Assets.xcassets in Resources */,
				03CA3C962711001100EFB01C /* Main.storyboard in Resources */,
			);
			runOnlyForDeploymentPostprocessing = 0;
		};
		03CA3C9F2711001400EFB01C /* Resources */ = {
			isa = PBXResourcesBuildPhase;
			buildActionMask = 2147483647;
			files = (
			);
			runOnlyForDeploymentPostprocessing = 0;
		};
		03CA3CA92711001400EFB01C /* Resources */ = {
			isa = PBXResourcesBuildPhase;
			buildActionMask = 2147483647;
			files = (
			);
			runOnlyForDeploymentPostprocessing = 0;
		};
/* End PBXResourcesBuildPhase section */

/* Begin PBXShellScriptBuildPhase section */
		85E04454DBFAEF160DE827E3 /* [CP] Embed Pods Frameworks */ = {
			isa = PBXShellScriptBuildPhase;
			buildActionMask = 2147483647;
			files = (
			);
			inputFileListPaths = (
				"${PODS_ROOT}/Target Support Files/Pods-Parsetagram/Pods-Parsetagram-frameworks-${CONFIGURATION}-input-files.xcfilelist",
			);
			name = "[CP] Embed Pods Frameworks";
			outputFileListPaths = (
				"${PODS_ROOT}/Target Support Files/Pods-Parsetagram/Pods-Parsetagram-frameworks-${CONFIGURATION}-output-files.xcfilelist",
			);
			runOnlyForDeploymentPostprocessing = 0;
			shellPath = /bin/sh;
			shellScript = "\"${PODS_ROOT}/Target Support Files/Pods-Parsetagram/Pods-Parsetagram-frameworks.sh\"\n";
			showEnvVarsInLog = 0;
		};
		AB3DCF6F2CA6F5F681578796 /* [CP] Check Pods Manifest.lock */ = {
			isa = PBXShellScriptBuildPhase;
			buildActionMask = 2147483647;
			files = (
			);
			inputFileListPaths = (
			);
			inputPaths = (
				"${PODS_PODFILE_DIR_PATH}/Podfile.lock",
				"${PODS_ROOT}/Manifest.lock",
			);
			name = "[CP] Check Pods Manifest.lock";
			outputFileListPaths = (
			);
			outputPaths = (
				"$(DERIVED_FILE_DIR)/Pods-Parsetagram-checkManifestLockResult.txt",
			);
			runOnlyForDeploymentPostprocessing = 0;
			shellPath = /bin/sh;
			shellScript = "diff \"${PODS_PODFILE_DIR_PATH}/Podfile.lock\" \"${PODS_ROOT}/Manifest.lock\" > /dev/null\nif [ $? != 0 ] ; then\n    # print error to STDERR\n    echo \"error: The sandbox is not in sync with the Podfile.lock. Run 'pod install' or update your CocoaPods installation.\" >&2\n    exit 1\nfi\n# This output is used by Xcode 'outputs' to avoid re-running this script phase.\necho \"SUCCESS\" > \"${SCRIPT_OUTPUT_FILE_0}\"\n";
			showEnvVarsInLog = 0;
		};
/* End PBXShellScriptBuildPhase section */

/* Begin PBXSourcesBuildPhase section */
		03CA3C872711001100EFB01C /* Sources */ = {
			isa = PBXSourcesBuildPhase;
			buildActionMask = 2147483647;
			files = (
				03CA3CBF2711041A00EFB01C /* LoginViewController.swift in Sources */,
				03CA3CC3271126C100EFB01C /* CameraViewController.swift in Sources */,
				03CA3C8F2711001100EFB01C /* AppDelegate.swift in Sources */,
				03CA3CC12711044500EFB01C /* FeedViewController.swift in Sources */,
				03CA3C912711001100EFB01C /* SceneDelegate.swift in Sources */,
				03081F0327114A4900826EF2 /* PostCell.swift in Sources */,
				037C3BA42719F7BD001A5BE2 /* CommentCell.swift in Sources */,
			);
			runOnlyForDeploymentPostprocessing = 0;
		};
		03CA3C9D2711001400EFB01C /* Sources */ = {
			isa = PBXSourcesBuildPhase;
			buildActionMask = 2147483647;
			files = (
				03CA3CA62711001400EFB01C /* ParsetagramTests.swift in Sources */,
			);
			runOnlyForDeploymentPostprocessing = 0;
		};
		03CA3CA72711001400EFB01C /* Sources */ = {
			isa = PBXSourcesBuildPhase;
			buildActionMask = 2147483647;
			files = (
				03CA3CB22711001400EFB01C /* ParsetagramUITestsLaunchTests.swift in Sources */,
				03CA3CB02711001400EFB01C /* ParsetagramUITests.swift in Sources */,
			);
			runOnlyForDeploymentPostprocessing = 0;
		};
/* End PBXSourcesBuildPhase section */

/* Begin PBXTargetDependency section */
		03CA3CA32711001400EFB01C /* PBXTargetDependency */ = {
			isa = PBXTargetDependency;
			target = 03CA3C8A2711001100EFB01C /* Parsetagram */;
			targetProxy = 03CA3CA22711001400EFB01C /* PBXContainerItemProxy */;
		};
		03CA3CAD2711001400EFB01C /* PBXTargetDependency */ = {
			isa = PBXTargetDependency;
			target = 03CA3C8A2711001100EFB01C /* Parsetagram */;
			targetProxy = 03CA3CAC2711001400EFB01C /* PBXContainerItemProxy */;
		};
/* End PBXTargetDependency section */

/* Begin PBXVariantGroup section */
		03CA3C942711001100EFB01C /* Main.storyboard */ = {
			isa = PBXVariantGroup;
			children = (
				03CA3C952711001100EFB01C /* Base */,
			);
			name = Main.storyboard;
			sourceTree = "<group>";
		};
		03CA3C992711001400EFB01C /* LaunchScreen.storyboard */ = {
			isa = PBXVariantGroup;
			children = (
				03CA3C9A2711001400EFB01C /* Base */,
			);
			name = LaunchScreen.storyboard;
			sourceTree = "<group>";
		};
/* End PBXVariantGroup section */

/* Begin XCBuildConfiguration section */
		03CA3CB32711001400EFB01C /* Debug */ = {
			isa = XCBuildConfiguration;
			buildSettings = {
				ALWAYS_SEARCH_USER_PATHS = NO;
				CLANG_ANALYZER_NONNULL = YES;
				CLANG_ANALYZER_NUMBER_OBJECT_CONVERSION = YES_AGGRESSIVE;
				CLANG_CXX_LANGUAGE_STANDARD = "gnu++17";
				CLANG_CXX_LIBRARY = "libc++";
				CLANG_ENABLE_MODULES = YES;
				CLANG_ENABLE_OBJC_ARC = YES;
				CLANG_ENABLE_OBJC_WEAK = YES;
				CLANG_WARN_BLOCK_CAPTURE_AUTORELEASING = YES;
				CLANG_WARN_BOOL_CONVERSION = YES;
				CLANG_WARN_COMMA = YES;
				CLANG_WARN_CONSTANT_CONVERSION = YES;
				CLANG_WARN_DEPRECATED_OBJC_IMPLEMENTATIONS = YES;
				CLANG_WARN_DIRECT_OBJC_ISA_USAGE = YES_ERROR;
				CLANG_WARN_DOCUMENTATION_COMMENTS = YES;
				CLANG_WARN_EMPTY_BODY = YES;
				CLANG_WARN_ENUM_CONVERSION = YES;
				CLANG_WARN_INFINITE_RECURSION = YES;
				CLANG_WARN_INT_CONVERSION = YES;
				CLANG_WARN_NON_LITERAL_NULL_CONVERSION = YES;
				CLANG_WARN_OBJC_IMPLICIT_RETAIN_SELF = YES;
				CLANG_WARN_OBJC_LITERAL_CONVERSION = YES;
				CLANG_WARN_OBJC_ROOT_CLASS = YES_ERROR;
				CLANG_WARN_QUOTED_INCLUDE_IN_FRAMEWORK_HEADER = YES;
				CLANG_WARN_RANGE_LOOP_ANALYSIS = YES;
				CLANG_WARN_STRICT_PROTOTYPES = YES;
				CLANG_WARN_SUSPICIOUS_MOVE = YES;
				CLANG_WARN_UNGUARDED_AVAILABILITY = YES_AGGRESSIVE;
				CLANG_WARN_UNREACHABLE_CODE = YES;
				CLANG_WARN__DUPLICATE_METHOD_MATCH = YES;
				COPY_PHASE_STRIP = NO;
				DEBUG_INFORMATION_FORMAT = dwarf;
				ENABLE_STRICT_OBJC_MSGSEND = YES;
				ENABLE_TESTABILITY = YES;
				GCC_C_LANGUAGE_STANDARD = gnu11;
				GCC_DYNAMIC_NO_PIC = NO;
				GCC_NO_COMMON_BLOCKS = YES;
				GCC_OPTIMIZATION_LEVEL = 0;
				GCC_PREPROCESSOR_DEFINITIONS = (
					"DEBUG=1",
					"$(inherited)",
				);
				GCC_WARN_64_TO_32_BIT_CONVERSION = YES;
				GCC_WARN_ABOUT_RETURN_TYPE = YES_ERROR;
				GCC_WARN_UNDECLARED_SELECTOR = YES;
				GCC_WARN_UNINITIALIZED_AUTOS = YES_AGGRESSIVE;
				GCC_WARN_UNUSED_FUNCTION = YES;
				GCC_WARN_UNUSED_VARIABLE = YES;
				IPHONEOS_DEPLOYMENT_TARGET = 15.0;
				MTL_ENABLE_DEBUG_INFO = INCLUDE_SOURCE;
				MTL_FAST_MATH = YES;
				ONLY_ACTIVE_ARCH = YES;
				SDKROOT = iphoneos;
				SWIFT_ACTIVE_COMPILATION_CONDITIONS = DEBUG;
				SWIFT_OPTIMIZATION_LEVEL = "-Onone";
			};
			name = Debug;
		};
		03CA3CB42711001400EFB01C /* Release */ = {
			isa = XCBuildConfiguration;
			buildSettings = {
				ALWAYS_SEARCH_USER_PATHS = NO;
				CLANG_ANALYZER_NONNULL = YES;
				CLANG_ANALYZER_NUMBER_OBJECT_CONVERSION = YES_AGGRESSIVE;
				CLANG_CXX_LANGUAGE_STANDARD = "gnu++17";
				CLANG_CXX_LIBRARY = "libc++";
				CLANG_ENABLE_MODULES = YES;
				CLANG_ENABLE_OBJC_ARC = YES;
				CLANG_ENABLE_OBJC_WEAK = YES;
				CLANG_WARN_BLOCK_CAPTURE_AUTORELEASING = YES;
				CLANG_WARN_BOOL_CONVERSION = YES;
				CLANG_WARN_COMMA = YES;
				CLANG_WARN_CONSTANT_CONVERSION = YES;
				CLANG_WARN_DEPRECATED_OBJC_IMPLEMENTATIONS = YES;
				CLANG_WARN_DIRECT_OBJC_ISA_USAGE = YES_ERROR;
				CLANG_WARN_DOCUMENTATION_COMMENTS = YES;
				CLANG_WARN_EMPTY_BODY = YES;
				CLANG_WARN_ENUM_CONVERSION = YES;
				CLANG_WARN_INFINITE_RECURSION = YES;
				CLANG_WARN_INT_CONVERSION = YES;
				CLANG_WARN_NON_LITERAL_NULL_CONVERSION = YES;
				CLANG_WARN_OBJC_IMPLICIT_RETAIN_SELF = YES;
				CLANG_WARN_OBJC_LITERAL_CONVERSION = YES;
				CLANG_WARN_OBJC_ROOT_CLASS = YES_ERROR;
				CLANG_WARN_QUOTED_INCLUDE_IN_FRAMEWORK_HEADER = YES;
				CLANG_WARN_RANGE_LOOP_ANALYSIS = YES;
				CLANG_WARN_STRICT_PROTOTYPES = YES;
				CLANG_WARN_SUSPICIOUS_MOVE = YES;
				CLANG_WARN_UNGUARDED_AVAILABILITY = YES_AGGRESSIVE;
				CLANG_WARN_UNREACHABLE_CODE = YES;
				CLANG_WARN__DUPLICATE_METHOD_MATCH = YES;
				COPY_PHASE_STRIP = NO;
				DEBUG_INFORMATION_FORMAT = "dwarf-with-dsym";
				ENABLE_NS_ASSERTIONS = NO;
				ENABLE_STRICT_OBJC_MSGSEND = YES;
				GCC_C_LANGUAGE_STANDARD = gnu11;
				GCC_NO_COMMON_BLOCKS = YES;
				GCC_WARN_64_TO_32_BIT_CONVERSION = YES;
				GCC_WARN_ABOUT_RETURN_TYPE = YES_ERROR;
				GCC_WARN_UNDECLARED_SELECTOR = YES;
				GCC_WARN_UNINITIALIZED_AUTOS = YES_AGGRESSIVE;
				GCC_WARN_UNUSED_FUNCTION = YES;
				GCC_WARN_UNUSED_VARIABLE = YES;
				IPHONEOS_DEPLOYMENT_TARGET = 15.0;
				MTL_ENABLE_DEBUG_INFO = NO;
				MTL_FAST_MATH = YES;
				SDKROOT = iphoneos;
				SWIFT_COMPILATION_MODE = wholemodule;
				SWIFT_OPTIMIZATION_LEVEL = "-O";
				VALIDATE_PRODUCT = YES;
			};
			name = Release;
		};
		03CA3CB62711001400EFB01C /* Debug */ = {
			isa = XCBuildConfiguration;
			baseConfigurationReference = 8A5F9780302AB79134AF1105 /* Pods-Parsetagram.debug.xcconfig */;
			buildSettings = {
				ASSETCATALOG_COMPILER_APPICON_NAME = AppIcon;
				ASSETCATALOG_COMPILER_GLOBAL_ACCENT_COLOR_NAME = AccentColor;
				CODE_SIGN_STYLE = Automatic;
				CURRENT_PROJECT_VERSION = 1;
				GENERATE_INFOPLIST_FILE = YES;
				INFOPLIST_FILE = Parsetagram/Info.plist;
				INFOPLIST_KEY_UIApplicationSupportsIndirectInputEvents = YES;
				INFOPLIST_KEY_UILaunchStoryboardName = LaunchScreen;
				INFOPLIST_KEY_UIMainStoryboardFile = Main;
				INFOPLIST_KEY_UISupportedInterfaceOrientations_iPad = "UIInterfaceOrientationPortrait UIInterfaceOrientationPortraitUpsideDown UIInterfaceOrientationLandscapeLeft UIInterfaceOrientationLandscapeRight";
				INFOPLIST_KEY_UISupportedInterfaceOrientations_iPhone = "UIInterfaceOrientationPortrait UIInterfaceOrientationLandscapeLeft UIInterfaceOrientationLandscapeRight";
				LD_RUNPATH_SEARCH_PATHS = (
					"$(inherited)",
					"@executable_path/Frameworks",
				);
				MARKETING_VERSION = 1.0;
				PRODUCT_BUNDLE_IDENTIFIER = shakya.iris.Parsetagram;
				PRODUCT_NAME = "$(TARGET_NAME)";
				SWIFT_EMIT_LOC_STRINGS = YES;
				SWIFT_VERSION = 5.0;
				TARGETED_DEVICE_FAMILY = "1,2";
			};
			name = Debug;
		};
		03CA3CB72711001400EFB01C /* Release */ = {
			isa = XCBuildConfiguration;
			baseConfigurationReference = EA6A4FD7C8B59405273A700A /* Pods-Parsetagram.release.xcconfig */;
			buildSettings = {
				ASSETCATALOG_COMPILER_APPICON_NAME = AppIcon;
				ASSETCATALOG_COMPILER_GLOBAL_ACCENT_COLOR_NAME = AccentColor;
				CODE_SIGN_STYLE = Automatic;
				CURRENT_PROJECT_VERSION = 1;
				GENERATE_INFOPLIST_FILE = YES;
				INFOPLIST_FILE = Parsetagram/Info.plist;
				INFOPLIST_KEY_UIApplicationSupportsIndirectInputEvents = YES;
				INFOPLIST_KEY_UILaunchStoryboardName = LaunchScreen;
				INFOPLIST_KEY_UIMainStoryboardFile = Main;
				INFOPLIST_KEY_UISupportedInterfaceOrientations_iPad = "UIInterfaceOrientationPortrait UIInterfaceOrientationPortraitUpsideDown UIInterfaceOrientationLandscapeLeft UIInterfaceOrientationLandscapeRight";
				INFOPLIST_KEY_UISupportedInterfaceOrientations_iPhone = "UIInterfaceOrientationPortrait UIInterfaceOrientationLandscapeLeft UIInterfaceOrientationLandscapeRight";
				LD_RUNPATH_SEARCH_PATHS = (
					"$(inherited)",
					"@executable_path/Frameworks",
				);
				MARKETING_VERSION = 1.0;
				PRODUCT_BUNDLE_IDENTIFIER = shakya.iris.Parsetagram;
				PRODUCT_NAME = "$(TARGET_NAME)";
				SWIFT_EMIT_LOC_STRINGS = YES;
				SWIFT_VERSION = 5.0;
				TARGETED_DEVICE_FAMILY = "1,2";
			};
			name = Release;
		};
		03CA3CB92711001400EFB01C /* Debug */ = {
			isa = XCBuildConfiguration;
			buildSettings = {
				ALWAYS_EMBED_SWIFT_STANDARD_LIBRARIES = YES;
				BUNDLE_LOADER = "$(TEST_HOST)";
				CODE_SIGN_STYLE = Automatic;
				CURRENT_PROJECT_VERSION = 1;
				GENERATE_INFOPLIST_FILE = YES;
				IPHONEOS_DEPLOYMENT_TARGET = 15.0;
				LD_RUNPATH_SEARCH_PATHS = (
					"$(inherited)",
					"@executable_path/Frameworks",
					"@loader_path/Frameworks",
				);
				MARKETING_VERSION = 1.0;
				PRODUCT_BUNDLE_IDENTIFIER = shakya.iris.ParsetagramTests;
				PRODUCT_NAME = "$(TARGET_NAME)";
				SWIFT_EMIT_LOC_STRINGS = NO;
				SWIFT_VERSION = 5.0;
				TARGETED_DEVICE_FAMILY = "1,2";
				TEST_HOST = "$(BUILT_PRODUCTS_DIR)/Parsetagram.app/Parsetagram";
			};
			name = Debug;
		};
		03CA3CBA2711001400EFB01C /* Release */ = {
			isa = XCBuildConfiguration;
			buildSettings = {
				ALWAYS_EMBED_SWIFT_STANDARD_LIBRARIES = YES;
				BUNDLE_LOADER = "$(TEST_HOST)";
				CODE_SIGN_STYLE = Automatic;
				CURRENT_PROJECT_VERSION = 1;
				GENERATE_INFOPLIST_FILE = YES;
				IPHONEOS_DEPLOYMENT_TARGET = 15.0;
				LD_RUNPATH_SEARCH_PATHS = (
					"$(inherited)",
					"@executable_path/Frameworks",
					"@loader_path/Frameworks",
				);
				MARKETING_VERSION = 1.0;
				PRODUCT_BUNDLE_IDENTIFIER = shakya.iris.ParsetagramTests;
				PRODUCT_NAME = "$(TARGET_NAME)";
				SWIFT_EMIT_LOC_STRINGS = NO;
				SWIFT_VERSION = 5.0;
				TARGETED_DEVICE_FAMILY = "1,2";
				TEST_HOST = "$(BUILT_PRODUCTS_DIR)/Parsetagram.app/Parsetagram";
			};
			name = Release;
		};
		03CA3CBC2711001400EFB01C /* Debug */ = {
			isa = XCBuildConfiguration;
			buildSettings = {
				ALWAYS_EMBED_SWIFT_STANDARD_LIBRARIES = YES;
				CODE_SIGN_STYLE = Automatic;
				CURRENT_PROJECT_VERSION = 1;
				GENERATE_INFOPLIST_FILE = YES;
				LD_RUNPATH_SEARCH_PATHS = (
					"$(inherited)",
					"@executable_path/Frameworks",
					"@loader_path/Frameworks",
				);
				MARKETING_VERSION = 1.0;
				PRODUCT_BUNDLE_IDENTIFIER = shakya.iris.ParsetagramUITests;
				PRODUCT_NAME = "$(TARGET_NAME)";
				SWIFT_EMIT_LOC_STRINGS = NO;
				SWIFT_VERSION = 5.0;
				TARGETED_DEVICE_FAMILY = "1,2";
				TEST_TARGET_NAME = Parsetagram;
			};
			name = Debug;
		};
		03CA3CBD2711001400EFB01C /* Release */ = {
			isa = XCBuildConfiguration;
			buildSettings = {
				ALWAYS_EMBED_SWIFT_STANDARD_LIBRARIES = YES;
				CODE_SIGN_STYLE = Automatic;
				CURRENT_PROJECT_VERSION = 1;
				GENERATE_INFOPLIST_FILE = YES;
				LD_RUNPATH_SEARCH_PATHS = (
					"$(inherited)",
					"@executable_path/Frameworks",
					"@loader_path/Frameworks",
				);
				MARKETING_VERSION = 1.0;
				PRODUCT_BUNDLE_IDENTIFIER = shakya.iris.ParsetagramUITests;
				PRODUCT_NAME = "$(TARGET_NAME)";
				SWIFT_EMIT_LOC_STRINGS = NO;
				SWIFT_VERSION = 5.0;
				TARGETED_DEVICE_FAMILY = "1,2";
				TEST_TARGET_NAME = Parsetagram;
			};
			name = Release;
		};
/* End XCBuildConfiguration section */

/* Begin XCConfigurationList section */
		03CA3C862711001100EFB01C /* Build configuration list for PBXProject "Parsetagram" */ = {
			isa = XCConfigurationList;
			buildConfigurations = (
				03CA3CB32711001400EFB01C /* Debug */,
				03CA3CB42711001400EFB01C /* Release */,
			);
			defaultConfigurationIsVisible = 0;
			defaultConfigurationName = Release;
		};
		03CA3CB52711001400EFB01C /* Build configuration list for PBXNativeTarget "Parsetagram" */ = {
			isa = XCConfigurationList;
			buildConfigurations = (
				03CA3CB62711001400EFB01C /* Debug */,
				03CA3CB72711001400EFB01C /* Release */,
			);
			defaultConfigurationIsVisible = 0;
			defaultConfigurationName = Release;
		};
		03CA3CB82711001400EFB01C /* Build configuration list for PBXNativeTarget "ParsetagramTests" */ = {
			isa = XCConfigurationList;
			buildConfigurations = (
				03CA3CB92711001400EFB01C /* Debug */,
				03CA3CBA2711001400EFB01C /* Release */,
			);
			defaultConfigurationIsVisible = 0;
			defaultConfigurationName = Release;
		};
		03CA3CBB2711001400EFB01C /* Build configuration list for PBXNativeTarget "ParsetagramUITests" */ = {
			isa = XCConfigurationList;
			buildConfigurations = (
				03CA3CBC2711001400EFB01C /* Debug */,
				03CA3CBD2711001400EFB01C /* Release */,
			);
			defaultConfigurationIsVisible = 0;
			defaultConfigurationName = Release;
		};
/* End XCConfigurationList section */
	};
	rootObject = 03CA3C832711001100EFB01C /* Project object */;
}
